
Microsoft Visual Studio Solution File, Format Version 12.00
# Visual Studio 14
VisualStudioVersion = 14.0.25420.1
MinimumVisualStudioVersion = 10.0.40219.1
Project("{FAE04EC0-301F-11D3-BF4B-00C04F79EFBC}") = "ProjectEulerLib", "ProjectEulerLib\ProjectEulerLib.csproj", "{3ABCA81B-5A66-4CFD-927C-DFD3E424D5EA}"
EndProject
Project("{FAE04EC0-301F-11D3-BF4B-00C04F79EFBC}") = "Problem1", "Problem1\Problem1.csproj", "{95DC1E2D-A18A-4E7D-86C5-7856961E5E9F}"
EndProject
Project("{FAE04EC0-301F-11D3-BF4B-00C04F79EFBC}") = "Problem2", "Problem2\Problem2.csproj", "{6964058F-E28D-4876-B7B9-03B00DF50A25}"
EndProject
Project("{FAE04EC0-301F-11D3-BF4B-00C04F79EFBC}") = "Problem3", "Problem3\Problem3.csproj", "{CD050378-7C49-4350-92CE-3A3C450E083D}"
EndProject
Project("{FAE04EC0-301F-11D3-BF4B-00C04F79EFBC}") = "Problem4", "Problem4\Problem4.csproj", "{F4E0198C-9492-455E-8599-2B463D48A5B8}"
EndProject
Project("{FAE04EC0-301F-11D3-BF4B-00C04F79EFBC}") = "Problem5", "Problem5\Problem5.csproj", "{B38DAADF-8B3C-4486-A575-AF98EAED2B6C}"
EndProject
Project("{FAE04EC0-301F-11D3-BF4B-00C04F79EFBC}") = "Problem7", "Problem7\Problem7.csproj", "{1A6829CB-BA9A-4B93-838B-9B528527AD99}"
EndProject
Project("{FAE04EC0-301F-11D3-BF4B-00C04F79EFBC}") = "Problem8", "Problem8\Problem8.csproj", "{27F251C2-99AE-440F-9232-54834567A3A5}"
EndProject
Project("{FAE04EC0-301F-11D3-BF4B-00C04F79EFBC}") = "Problem9", "Problem9\Problem9.csproj", "{36D52BDA-B1EF-410C-AA40-145473299C14}"
EndProject
Project("{FAE04EC0-301F-11D3-BF4B-00C04F79EFBC}") = "Problem10", "Problem10\Problem10.csproj", "{2D389D6D-05B7-4045-AB42-79C4426194B6}"
EndProject
Project("{FAE04EC0-301F-11D3-BF4B-00C04F79EFBC}") = "Problem13", "Problem13\Problem13.csproj", "{72EE460A-CD36-49D2-B007-26089B455B3A}"
EndProject
Project("{FAE04EC0-301F-11D3-BF4B-00C04F79EFBC}") = "Problem11", "Problem11\Problem11.csproj", "{8C63459B-E487-42EF-84D5-8C6698132A7C}"
EndProject
Project("{FAE04EC0-301F-11D3-BF4B-00C04F79EFBC}") = "Problem12", "Problem12\Problem12.csproj", "{3C9D92FB-E4DE-486D-87E6-8566F1B90BBF}"
EndProject
Project("{FAE04EC0-301F-11D3-BF4B-00C04F79EFBC}") = "Problem14", "Problem14\Problem14.csproj", "{45C8C0AB-85B2-4EED-90EB-490F6ADBA812}"
EndProject
Project("{FAE04EC0-301F-11D3-BF4B-00C04F79EFBC}") = "Problem15", "Problem15\Problem15.csproj", "{7A29BD36-C97B-4571-ABBF-317388ADEEE6}"
EndProject
Project("{FAE04EC0-301F-11D3-BF4B-00C04F79EFBC}") = "Problem17", "Problem17\Problem17.csproj", "{FA7EEC78-A221-4C0A-9364-0572AC547706}"
EndProject
Project("{FAE04EC0-301F-11D3-BF4B-00C04F79EFBC}") = "Problem16", "Problem16\Problem16.csproj", "{82AB2170-094D-4799-B01C-92CA6E09A56D}"
EndProject
Project("{FAE04EC0-301F-11D3-BF4B-00C04F79EFBC}") = "Problem6", "Problem6\Problem6.csproj", "{9CE36F8D-A1D5-4F76-8A73-096B6C24D617}"
EndProject
Global
	GlobalSection(SolutionConfigurationPlatforms) = preSolution
		Debug|Any CPU = Debug|Any CPU
		Release|Any CPU = Release|Any CPU
	EndGlobalSection
	GlobalSection(ProjectConfigurationPlatforms) = postSolution
		{3ABCA81B-5A66-4CFD-927C-DFD3E424D5EA}.Debug|Any CPU.ActiveCfg = Debug|Any CPU
		{3ABCA81B-5A66-4CFD-927C-DFD3E424D5EA}.Debug|Any CPU.Build.0 = Debug|Any CPU
		{3ABCA81B-5A66-4CFD-927C-DFD3E424D5EA}.Release|Any CPU.ActiveCfg = Release|Any CPU
		{3ABCA81B-5A66-4CFD-927C-DFD3E424D5EA}.Release|Any CPU.Build.0 = Release|Any CPU
		{95DC1E2D-A18A-4E7D-86C5-7856961E5E9F}.Debug|Any CPU.ActiveCfg = Debug|Any CPU
		{95DC1E2D-A18A-4E7D-86C5-7856961E5E9F}.Debug|Any CPU.Build.0 = Debug|Any CPU
		{95DC1E2D-A18A-4E7D-86C5-7856961E5E9F}.Release|Any CPU.ActiveCfg = Release|Any CPU
		{95DC1E2D-A18A-4E7D-86C5-7856961E5E9F}.Release|Any CPU.Build.0 = Release|Any CPU
		{6964058F-E28D-4876-B7B9-03B00DF50A25}.Debug|Any CPU.ActiveCfg = Debug|Any CPU
		{6964058F-E28D-4876-B7B9-03B00DF50A25}.Debug|Any CPU.Build.0 = Debug|Any CPU
		{6964058F-E28D-4876-B7B9-03B00DF50A25}.Release|Any CPU.ActiveCfg = Release|Any CPU
		{6964058F-E28D-4876-B7B9-03B00DF50A25}.Release|Any CPU.Build.0 = Release|Any CPU
		{CD050378-7C49-4350-92CE-3A3C450E083D}.Debug|Any CPU.ActiveCfg = Debug|Any CPU
		{CD050378-7C49-4350-92CE-3A3C450E083D}.Debug|Any CPU.Build.0 = Debug|Any CPU
		{CD050378-7C49-4350-92CE-3A3C450E083D}.Release|Any CPU.ActiveCfg = Release|Any CPU
		{CD050378-7C49-4350-92CE-3A3C450E083D}.Release|Any CPU.Build.0 = Release|Any CPU
		{F4E0198C-9492-455E-8599-2B463D48A5B8}.Debug|Any CPU.ActiveCfg = Debug|Any CPU
		{F4E0198C-9492-455E-8599-2B463D48A5B8}.Debug|Any CPU.Build.0 = Debug|Any CPU
		{F4E0198C-9492-455E-8599-2B463D48A5B8}.Release|Any CPU.ActiveCfg = Release|Any CPU
		{F4E0198C-9492-455E-8599-2B463D48A5B8}.Release|Any CPU.Build.0 = Release|Any CPU
		{B38DAADF-8B3C-4486-A575-AF98EAED2B6C}.Debug|Any CPU.ActiveCfg = Debug|Any CPU
		{B38DAADF-8B3C-4486-A575-AF98EAED2B6C}.Debug|Any CPU.Build.0 = Debug|Any CPU
		{B38DAADF-8B3C-4486-A575-AF98EAED2B6C}.Release|Any CPU.ActiveCfg = Release|Any CPU
		{B38DAADF-8B3C-4486-A575-AF98EAED2B6C}.Release|Any CPU.Build.0 = Release|Any CPU
		{1A6829CB-BA9A-4B93-838B-9B528527AD99}.Debug|Any CPU.ActiveCfg = Debug|Any CPU
		{1A6829CB-BA9A-4B93-838B-9B528527AD99}.Debug|Any CPU.Build.0 = Debug|Any CPU
		{1A6829CB-BA9A-4B93-838B-9B528527AD99}.Release|Any CPU.ActiveCfg = Release|Any CPU
		{1A6829CB-BA9A-4B93-838B-9B528527AD99}.Release|Any CPU.Build.0 = Release|Any CPU
		{27F251C2-99AE-440F-9232-54834567A3A5}.Debug|Any CPU.ActiveCfg = Debug|Any CPU
		{27F251C2-99AE-440F-9232-54834567A3A5}.Debug|Any CPU.Build.0 = Debug|Any CPU
		{27F251C2-99AE-440F-9232-54834567A3A5}.Release|Any CPU.ActiveCfg = Release|Any CPU
		{27F251C2-99AE-440F-9232-54834567A3A5}.Release|Any CPU.Build.0 = Release|Any CPU
		{36D52BDA-B1EF-410C-AA40-145473299C14}.Debug|Any CPU.ActiveCfg = Debug|Any CPU
		{36D52BDA-B1EF-410C-AA40-145473299C14}.Debug|Any CPU.Build.0 = Debug|Any CPU
		{36D52BDA-B1EF-410C-AA40-145473299C14}.Release|Any CPU.ActiveCfg = Release|Any CPU
		{36D52BDA-B1EF-410C-AA40-145473299C14}.Release|Any CPU.Build.0 = Release|Any CPU
		{2D389D6D-05B7-4045-AB42-79C4426194B6}.Debug|Any CPU.ActiveCfg = Debug|Any CPU
		{2D389D6D-05B7-4045-AB42-79C4426194B6}.Debug|Any CPU.Build.0 = Debug|Any CPU
		{2D389D6D-05B7-4045-AB42-79C4426194B6}.Release|Any CPU.ActiveCfg = Release|Any CPU
		{2D389D6D-05B7-4045-AB42-79C4426194B6}.Release|Any CPU.Build.0 = Release|Any CPU
		{72EE460A-CD36-49D2-B007-26089B455B3A}.Debug|Any CPU.ActiveCfg = Debug|Any CPU
		{72EE460A-CD36-49D2-B007-26089B455B3A}.Debug|Any CPU.Build.0 = Debug|Any CPU
		{72EE460A-CD36-49D2-B007-26089B455B3A}.Release|Any CPU.ActiveCfg = Release|Any CPU
		{72EE460A-CD36-49D2-B007-26089B455B3A}.Release|Any CPU.Build.0 = Release|Any CPU
		{8C63459B-E487-42EF-84D5-8C6698132A7C}.Debug|Any CPU.ActiveCfg = Debug|Any CPU
		{8C63459B-E487-42EF-84D5-8C6698132A7C}.Debug|Any CPU.Build.0 = Debug|Any CPU
		{8C63459B-E487-42EF-84D5-8C6698132A7C}.Release|Any CPU.ActiveCfg = Release|Any CPU
		{8C63459B-E487-42EF-84D5-8C6698132A7C}.Release|Any CPU.Build.0 = Release|Any CPU
		{3C9D92FB-E4DE-486D-87E6-8566F1B90BBF}.Debug|Any CPU.ActiveCfg = Debug|Any CPU
		{3C9D92FB-E4DE-486D-87E6-8566F1B90BBF}.Debug|Any CPU.Build.0 = Debug|Any CPU
		{3C9D92FB-E4DE-486D-87E6-8566F1B90BBF}.Release|Any CPU.ActiveCfg = Release|Any CPU
		{3C9D92FB-E4DE-486D-87E6-8566F1B90BBF}.Release|Any CPU.Build.0 = Release|Any CPU
		{45C8C0AB-85B2-4EED-90EB-490F6ADBA812}.Debug|Any CPU.ActiveCfg = Debug|Any CPU
		{45C8C0AB-85B2-4EED-90EB-490F6ADBA812}.Debug|Any CPU.Build.0 = Debug|Any CPU
		{45C8C0AB-85B2-4EED-90EB-490F6ADBA812}.Release|Any CPU.ActiveCfg = Release|Any CPU
		{45C8C0AB-85B2-4EED-90EB-490F6ADBA812}.Release|Any CPU.Build.0 = Release|Any CPU
		{7A29BD36-C97B-4571-ABBF-317388ADEEE6}.Debug|Any CPU.ActiveCfg = Debug|Any CPU
		{7A29BD36-C97B-4571-ABBF-317388ADEEE6}.Debug|Any CPU.Build.0 = Debug|Any CPU
		{7A29BD36-C97B-4571-ABBF-317388ADEEE6}.Release|Any CPU.ActiveCfg = Release|Any CPU
		{7A29BD36-C97B-4571-ABBF-317388ADEEE6}.Release|Any CPU.Build.0 = Release|Any CPU
		{FA7EEC78-A221-4C0A-9364-0572AC547706}.Debug|Any CPU.ActiveCfg = Debug|Any CPU
		{FA7EEC78-A221-4C0A-9364-0572AC547706}.Debug|Any CPU.Build.0 = Debug|Any CPU
		{FA7EEC78-A221-4C0A-9364-0572AC547706}.Release|Any CPU.ActiveCfg = Release|Any CPU
		{FA7EEC78-A221-4C0A-9364-0572AC547706}.Release|Any CPU.Build.0 = Release|Any CPU
		{82AB2170-094D-4799-B01C-92CA6E09A56D}.Debug|Any CPU.ActiveCfg = Debug|Any CPU
		{82AB2170-094D-4799-B01C-92CA6E09A56D}.Debug|Any CPU.Build.0 = Debug|Any CPU
		{82AB2170-094D-4799-B01C-92CA6E09A56D}.Release|Any CPU.ActiveCfg = Release|Any CPU
		{82AB2170-094D-4799-B01C-92CA6E09A56D}.Release|Any CPU.Build.0 = Release|Any CPU
		{9CE36F8D-A1D5-4F76-8A73-096B6C24D617}.Debug|Any CPU.ActiveCfg = Debug|Any CPU
		{9CE36F8D-A1D5-4F76-8A73-096B6C24D617}.Debug|Any CPU.Build.0 = Debug|Any CPU
		{9CE36F8D-A1D5-4F76-8A73-096B6C24D617}.Release|Any CPU.ActiveCfg = Release|Any CPU
		{9CE36F8D-A1D5-4F76-8A73-096B6C24D617}.Release|Any CPU.Build.0 = Release|Any CPU
	EndGlobalSection
	GlobalSection(SolutionProperties) = preSolution
		HideSolutionNode = FALSE
	EndGlobalSection
EndGlobal
